<Solution>
  <Folder Name="/samples/">
    <Project Path="samples/SampleApp/SampleApp.csproj" />
  </Folder>
  <Folder Name="/src/">
    <Project Path="src/Runiq.Agent/Runiq.Agents.csproj" />
    <Project Path="src/Runiq.Core/Runiq.Core.csproj" />
  </Folder>
  <Folder Name="/src/Runiq.Agent/" />
  <Folder Name="/tests/">
    <Project Path="tests/Runiq.Agents.Tests/Runiq.Agents.Tests.csproj" />
  </Folder>
</Solution>
